
Microsoft Visual Studio Solution File, Format Version 12.00
# Visual Studio 15
VisualStudioVersion = 15.0.27130.2036
MinimumVisualStudioVersion = 10.0.40219.1
Project("{2150E333-8FDC-42A3-9474-1A3956D46DE8}") = "Clients", "Clients", "{596EC97B-11B2-4D68-B2A8-8C52DA87B7A8}"
EndProject
Project("{FAE04EC0-301F-11D3-BF4B-00C04F79EFBC}") = "Grid.Clients.ITSync", "Grid.Clients.ITSync\Grid.Clients.ITSync.csproj", "{2C8BDC7A-58A2-409E-BE0A-929556398AB1}"
EndProject
Project("{2150E333-8FDC-42A3-9474-1A3956D46DE8}") = "Tests", "Tests", "{E30FE6D7-6C0B-47B4-89FB-C0D7508BF9A4}"
EndProject
Project("{FAE04EC0-301F-11D3-BF4B-00C04F79EFBC}") = "Grid.AccessLogs", "Grid.AccessLogs\Grid.AccessLogs.csproj", "{EAA48B99-5A78-4477-AB33-E5C1D6D626F5}"
EndProject
Project("{FAE04EC0-301F-11D3-BF4B-00C04F79EFBC}") = "AccessLogTest", "AccessLogTest\AccessLogTest.csproj", "{DA04C939-9854-4627-8AC5-FE41DAF74CE5}"
EndProject
Project("{FAE04EC0-301F-11D3-BF4B-00C04F79EFBC}") = "Grid", "Grid\Grid.csproj", "{234B9E3B-3663-4667-97D1-DE4196297498}"
EndProject
Project("{FAE04EC0-301F-11D3-BF4B-00C04F79EFBC}") = "Grid.Infrastructure", "Grid.Infrastructure\Grid.Infrastructure.csproj", "{BEF9F095-7A92-4577-BFD5-B31C85191D6B}"
EndProject
Project("{2150E333-8FDC-42A3-9474-1A3956D46DE8}") = "Providers", "Providers", "{ABB3A33C-FC7F-495B-8766-5DEFEBADF3A0}"
EndProject
Project("{2150E333-8FDC-42A3-9474-1A3956D46DE8}") = "Api", "Api", "{91ED59C4-75BB-4D49-9FE3-89953F15C888}"
EndProject
Project("{FAE04EC0-301F-11D3-BF4B-00C04F79EFBC}") = "Grid.Api", "Grid.Api\Grid.Api.csproj", "{12177F99-C094-4D73-A7A3-EF70636B65B9}"
EndProject
Project("{FAE04EC0-301F-11D3-BF4B-00C04F79EFBC}") = "Grid.Providers.Email", "Grid.Providers.Email\Grid.Providers.Email.csproj", "{7231DAE9-C7A4-48CF-9E74-B98A8866662F}"
EndProject
Project("{FAE04EC0-301F-11D3-BF4B-00C04F79EFBC}") = "Grid.Providers.Blob", "Grid.Providers.Blob\Grid.Providers.Blob.csproj", "{C1AEA0BA-C8EE-4CFD-9BA4-377C58AE2154}"
EndProject
Project("{FAE04EC0-301F-11D3-BF4B-00C04F79EFBC}") = "Grid.Providers.Slack", "Grid.Providers.Slack\Grid.Providers.Slack.csproj", "{9912097B-4DF9-4549-BDE8-88EBB3E07CD8}"
EndProject
Project("{FAE04EC0-301F-11D3-BF4B-00C04F79EFBC}") = "Grid.Api.Infrastructure", "Grid.Api.Infrastructure\Grid.Api.Infrastructure.csproj", "{AD9C4C2F-17F2-46F8-9C42-16AECE788AC3}"
EndProject
Project("{FAE04EC0-301F-11D3-BF4B-00C04F79EFBC}") = "Grid.Providers.Plugin", "Grid.Providers.Plugin\Grid.Providers.Plugin.csproj", "{C389A694-5AFC-413E-B61E-768A0F7119A1}"
EndProject
Project("{FAE04EC0-301F-11D3-BF4B-00C04F79EFBC}") = "Grid.Providers.Social", "Grid.Providers.Social\Grid.Providers.Social.csproj", "{B117C99B-FF8E-4BB1-93F2-080A8FFA1906}"
EndProject
Project("{2150E333-8FDC-42A3-9474-1A3956D46DE8}") = "Features", "Features", "{6EDF1726-92DC-4B35-A823-F15AC365D2EF}"
EndProject
Project("{FAE04EC0-301F-11D3-BF4B-00C04F79EFBC}") = "Grid.Features.Accounting", "Grid.Features.Accounting\Grid.Features.Accounting.csproj", "{15BD3B1C-6575-4D69-BDF2-9D1044C91F38}"
EndProject
Project("{FAE04EC0-301F-11D3-BF4B-00C04F79EFBC}") = "Grid.Features.CRM", "Grid.Features.CRM\Grid.Features.CRM.csproj", "{9CCC5E8C-603D-4D0A-B3D2-C7097241CB1E}"
EndProject
Project("{FAE04EC0-301F-11D3-BF4B-00C04F79EFBC}") = "Grid.Features.DMS", "Grid.Features.DMS\Grid.Features.DMS.csproj", "{9A9736A2-91E6-47F0-B353-8A9BC9A13C0B}"
EndProject
Project("{FAE04EC0-301F-11D3-BF4B-00C04F79EFBC}") = "Grid.Features.HRMS", "Grid.Features.HRMS\Grid.Features.HRMS.csproj", "{375619DC-6F55-4FC2-BBF2-45A30E89FA73}"
EndProject
Project("{FAE04EC0-301F-11D3-BF4B-00C04F79EFBC}") = "Grid.Features.IMS", "Grid.Features.IMS\Grid.Features.IMS.csproj", "{B80468CF-5AB2-468B-ADE5-AD790790724A}"
EndProject
Project("{FAE04EC0-301F-11D3-BF4B-00C04F79EFBC}") = "Grid.Features.Calendar", "Grid.Features.Calendar\Grid.Features.Calendar.csproj", "{77CD0893-988F-41E7-B388-6162B002C9E3}"
EndProject
Project("{FAE04EC0-301F-11D3-BF4B-00C04F79EFBC}") = "Grid.Features.IT", "Grid.Features.IT\Grid.Features.IT.csproj", "{611269A9-D4B8-4B02-8699-977CEFF9A1F1}"
EndProject
Project("{FAE04EC0-301F-11D3-BF4B-00C04F79EFBC}") = "Grid.Features.KBS", "Grid.Features.KBS\Grid.Features.KBS.csproj", "{4C56F8C3-9E06-482D-823F-B1FB7D910C47}"
EndProject
Project("{FAE04EC0-301F-11D3-BF4B-00C04F79EFBC}") = "Grid.Features.LMS", "Grid.Features.LMS\Grid.Features.LMS.csproj", "{43C09A22-FB14-442D-86E3-40A0F11D4849}"
EndProject
Project("{FAE04EC0-301F-11D3-BF4B-00C04F79EFBC}") = "Grid.Features.Payroll", "Grid.Features.Payroll\Grid.Features.Payroll.csproj", "{7CC9899D-729D-49C6-BC3C-C9B4911FF812}"
EndProject
Project("{FAE04EC0-301F-11D3-BF4B-00C04F79EFBC}") = "Grid.Features.Recruit", "Grid.Features.Recruit\Grid.Features.Recruit.csproj", "{41851AD7-83A8-41CB-8241-7C31CAD17EA5}"
EndProject
Project("{FAE04EC0-301F-11D3-BF4B-00C04F79EFBC}") = "Grid.Features.PMS", "Grid.Features.PMS\Grid.Features.PMS.csproj", "{EB9D0C9C-7123-4AF8-AF31-C8CA07CEED11}"
EndProject
Project("{FAE04EC0-301F-11D3-BF4B-00C04F79EFBC}") = "Grid.Features.RMS", "Grid.Features.RMS\Grid.Features.RMS.csproj", "{67ED02F2-0982-4110-91E6-D69E1A6F73A9}"
EndProject
Project("{FAE04EC0-301F-11D3-BF4B-00C04F79EFBC}") = "Grid.Features.Scheduler", "Grid.Features.Scheduler\Grid.Features.Scheduler.csproj", "{325EA17E-6AE5-4BB4-B792-3CF00AED71A1}"
EndProject
Project("{FAE04EC0-301F-11D3-BF4B-00C04F79EFBC}") = "Grid.Features.Settings", "Grid.Features.Settings\Grid.Features.Settings.csproj", "{A4968DF2-50D1-42A1-B53D-DB4EA1963E0C}"
EndProject
Project("{FAE04EC0-301F-11D3-BF4B-00C04F79EFBC}") = "Grid.Features.TicketDesk", "Grid.Features.TicketDesk\Grid.Features.TicketDesk.csproj", "{D0F63BC4-7518-40A1-9607-AF5A9E4DA883}"
EndProject
Project("{FAE04EC0-301F-11D3-BF4B-00C04F79EFBC}") = "Grid.Generic.Api", "Grid.Generic.Api\Grid.Generic.Api.csproj", "{99DCEDAE-0047-4B34-AB3F-4BC69A2BA3F4}"
EndProject
Project("{FAE04EC0-301F-11D3-BF4B-00C04F79EFBC}") = "Grid.Features.Common", "Grid.Features.Common\Grid.Features.Common.csproj", "{3876B303-AE18-4E9E-A359-E1E0F0F2C7CD}"
EndProject
Project("{FAE04EC0-301F-11D3-BF4B-00C04F79EFBC}") = "Grid.Features.Social", "Grid.Features.Social\Grid.Features.Social.csproj", "{9DD6550F-2FA6-494E-B886-9584241C357F}"
EndProject
Project("{FAE04EC0-301F-11D3-BF4B-00C04F79EFBC}") = "Grid.Features.Attendance", "Grid.Features.Attendance\Grid.Features.Attendance.csproj", "{AAD8B7ED-2E25-44AF-8AB6-72051131C49F}"
EndProject
Project("{FAE04EC0-301F-11D3-BF4B-00C04F79EFBC}") = "Grid.Features.Auth", "Grid.Features.Auth\Grid.Features.Auth.csproj", "{CCAF882A-A8E0-4B5F-8C7F-D5ADC11823B7}"
EndProject
Project("{FAE04EC0-301F-11D3-BF4B-00C04F79EFBC}") = "Grid.Features.EmailService", "Grid.Features.EmailService\Grid.Features.EmailService.csproj", "{E7A84A59-D016-43AE-AEC3-D3186EB189DC}"
EndProject
Project("{FAE04EC0-301F-11D3-BF4B-00C04F79EFBC}") = "Grid.Features.Feedback", "Grid.Features.Feedback\Grid.Features.Feedback.csproj", "{6C169D91-8777-4FBF-BD51-402A90975764}"
EndProject
Project("{2150E333-8FDC-42A3-9474-1A3956D46DE8}") = "Data", "Data", "{BC508C8E-583B-4394-AADF-DE109987C291}"
EndProject
Project("{FAE04EC0-301F-11D3-BF4B-00C04F79EFBC}") = "Grid.Data", "Grid.Data\Grid.Data.csproj", "{0CBD413E-F3FF-4AA8-8755-C4A25C05804D}"
EndProject
Project("{FAE04EC0-301F-11D3-BF4B-00C04F79EFBC}") = "GridTestConsole", "GridTestConsole\GridTestConsole.csproj", "{9FE76EDD-7C40-4F6F-827F-AAA33CFD08F5}"
EndProject
Global
	GlobalSection(SolutionConfigurationPlatforms) = preSolution
		Debug|Any CPU = Debug|Any CPU
		Release|Any CPU = Release|Any CPU
	EndGlobalSection
	GlobalSection(ProjectConfigurationPlatforms) = postSolution
		{2C8BDC7A-58A2-409E-BE0A-929556398AB1}.Debug|Any CPU.ActiveCfg = Debug|Any CPU
		{2C8BDC7A-58A2-409E-BE0A-929556398AB1}.Debug|Any CPU.Build.0 = Debug|Any CPU
		{2C8BDC7A-58A2-409E-BE0A-929556398AB1}.Release|Any CPU.ActiveCfg = Release|Any CPU
		{2C8BDC7A-58A2-409E-BE0A-929556398AB1}.Release|Any CPU.Build.0 = Release|Any CPU
		{EAA48B99-5A78-4477-AB33-E5C1D6D626F5}.Debug|Any CPU.ActiveCfg = Debug|Any CPU
		{EAA48B99-5A78-4477-AB33-E5C1D6D626F5}.Debug|Any CPU.Build.0 = Debug|Any CPU
		{EAA48B99-5A78-4477-AB33-E5C1D6D626F5}.Release|Any CPU.ActiveCfg = Release|Any CPU
		{EAA48B99-5A78-4477-AB33-E5C1D6D626F5}.Release|Any CPU.Build.0 = Release|Any CPU
		{DA04C939-9854-4627-8AC5-FE41DAF74CE5}.Debug|Any CPU.ActiveCfg = Debug|Any CPU
		{DA04C939-9854-4627-8AC5-FE41DAF74CE5}.Debug|Any CPU.Build.0 = Debug|Any CPU
		{DA04C939-9854-4627-8AC5-FE41DAF74CE5}.Release|Any CPU.ActiveCfg = Release|Any CPU
		{DA04C939-9854-4627-8AC5-FE41DAF74CE5}.Release|Any CPU.Build.0 = Release|Any CPU
		{234B9E3B-3663-4667-97D1-DE4196297498}.Debug|Any CPU.ActiveCfg = Debug|Any CPU
		{234B9E3B-3663-4667-97D1-DE4196297498}.Debug|Any CPU.Build.0 = Debug|Any CPU
		{234B9E3B-3663-4667-97D1-DE4196297498}.Release|Any CPU.ActiveCfg = Release|Any CPU
		{234B9E3B-3663-4667-97D1-DE4196297498}.Release|Any CPU.Build.0 = Release|Any CPU
		{BEF9F095-7A92-4577-BFD5-B31C85191D6B}.Debug|Any CPU.ActiveCfg = Debug|Any CPU
		{BEF9F095-7A92-4577-BFD5-B31C85191D6B}.Debug|Any CPU.Build.0 = Debug|Any CPU
		{BEF9F095-7A92-4577-BFD5-B31C85191D6B}.Release|Any CPU.ActiveCfg = Release|Any CPU
		{BEF9F095-7A92-4577-BFD5-B31C85191D6B}.Release|Any CPU.Build.0 = Release|Any CPU
		{12177F99-C094-4D73-A7A3-EF70636B65B9}.Debug|Any CPU.ActiveCfg = Debug|Any CPU
		{12177F99-C094-4D73-A7A3-EF70636B65B9}.Debug|Any CPU.Build.0 = Debug|Any CPU
		{12177F99-C094-4D73-A7A3-EF70636B65B9}.Release|Any CPU.ActiveCfg = Release|Any CPU
		{12177F99-C094-4D73-A7A3-EF70636B65B9}.Release|Any CPU.Build.0 = Release|Any CPU
		{7231DAE9-C7A4-48CF-9E74-B98A8866662F}.Debug|Any CPU.ActiveCfg = Debug|Any CPU
		{7231DAE9-C7A4-48CF-9E74-B98A8866662F}.Debug|Any CPU.Build.0 = Debug|Any CPU
		{7231DAE9-C7A4-48CF-9E74-B98A8866662F}.Release|Any CPU.ActiveCfg = Release|Any CPU
		{7231DAE9-C7A4-48CF-9E74-B98A8866662F}.Release|Any CPU.Build.0 = Release|Any CPU
		{C1AEA0BA-C8EE-4CFD-9BA4-377C58AE2154}.Debug|Any CPU.ActiveCfg = Debug|Any CPU
		{C1AEA0BA-C8EE-4CFD-9BA4-377C58AE2154}.Debug|Any CPU.Build.0 = Debug|Any CPU
		{C1AEA0BA-C8EE-4CFD-9BA4-377C58AE2154}.Release|Any CPU.ActiveCfg = Release|Any CPU
		{C1AEA0BA-C8EE-4CFD-9BA4-377C58AE2154}.Release|Any CPU.Build.0 = Release|Any CPU
		{9912097B-4DF9-4549-BDE8-88EBB3E07CD8}.Debug|Any CPU.ActiveCfg = Debug|Any CPU
		{9912097B-4DF9-4549-BDE8-88EBB3E07CD8}.Debug|Any CPU.Build.0 = Debug|Any CPU
		{9912097B-4DF9-4549-BDE8-88EBB3E07CD8}.Release|Any CPU.ActiveCfg = Release|Any CPU
		{9912097B-4DF9-4549-BDE8-88EBB3E07CD8}.Release|Any CPU.Build.0 = Release|Any CPU
		{AD9C4C2F-17F2-46F8-9C42-16AECE788AC3}.Debug|Any CPU.ActiveCfg = Debug|Any CPU
		{AD9C4C2F-17F2-46F8-9C42-16AECE788AC3}.Debug|Any CPU.Build.0 = Debug|Any CPU
		{AD9C4C2F-17F2-46F8-9C42-16AECE788AC3}.Release|Any CPU.ActiveCfg = Release|Any CPU
		{AD9C4C2F-17F2-46F8-9C42-16AECE788AC3}.Release|Any CPU.Build.0 = Release|Any CPU
		{C389A694-5AFC-413E-B61E-768A0F7119A1}.Debug|Any CPU.ActiveCfg = Debug|Any CPU
		{C389A694-5AFC-413E-B61E-768A0F7119A1}.Debug|Any CPU.Build.0 = Debug|Any CPU
		{C389A694-5AFC-413E-B61E-768A0F7119A1}.Release|Any CPU.ActiveCfg = Release|Any CPU
		{C389A694-5AFC-413E-B61E-768A0F7119A1}.Release|Any CPU.Build.0 = Release|Any CPU
		{B117C99B-FF8E-4BB1-93F2-080A8FFA1906}.Debug|Any CPU.ActiveCfg = Debug|Any CPU
		{B117C99B-FF8E-4BB1-93F2-080A8FFA1906}.Debug|Any CPU.Build.0 = Debug|Any CPU
		{B117C99B-FF8E-4BB1-93F2-080A8FFA1906}.Release|Any CPU.ActiveCfg = Release|Any CPU
		{B117C99B-FF8E-4BB1-93F2-080A8FFA1906}.Release|Any CPU.Build.0 = Release|Any CPU
		{15BD3B1C-6575-4D69-BDF2-9D1044C91F38}.Debug|Any CPU.ActiveCfg = Debug|Any CPU
		{15BD3B1C-6575-4D69-BDF2-9D1044C91F38}.Debug|Any CPU.Build.0 = Debug|Any CPU
		{15BD3B1C-6575-4D69-BDF2-9D1044C91F38}.Release|Any CPU.ActiveCfg = Release|Any CPU
		{15BD3B1C-6575-4D69-BDF2-9D1044C91F38}.Release|Any CPU.Build.0 = Release|Any CPU
		{9CCC5E8C-603D-4D0A-B3D2-C7097241CB1E}.Debug|Any CPU.ActiveCfg = Debug|Any CPU
		{9CCC5E8C-603D-4D0A-B3D2-C7097241CB1E}.Debug|Any CPU.Build.0 = Debug|Any CPU
		{9CCC5E8C-603D-4D0A-B3D2-C7097241CB1E}.Release|Any CPU.ActiveCfg = Release|Any CPU
		{9CCC5E8C-603D-4D0A-B3D2-C7097241CB1E}.Release|Any CPU.Build.0 = Release|Any CPU
		{9A9736A2-91E6-47F0-B353-8A9BC9A13C0B}.Debug|Any CPU.ActiveCfg = Debug|Any CPU
		{9A9736A2-91E6-47F0-B353-8A9BC9A13C0B}.Debug|Any CPU.Build.0 = Debug|Any CPU
		{9A9736A2-91E6-47F0-B353-8A9BC9A13C0B}.Release|Any CPU.ActiveCfg = Release|Any CPU
		{9A9736A2-91E6-47F0-B353-8A9BC9A13C0B}.Release|Any CPU.Build.0 = Release|Any CPU
		{375619DC-6F55-4FC2-BBF2-45A30E89FA73}.Debug|Any CPU.ActiveCfg = Debug|Any CPU
		{375619DC-6F55-4FC2-BBF2-45A30E89FA73}.Debug|Any CPU.Build.0 = Debug|Any CPU
		{375619DC-6F55-4FC2-BBF2-45A30E89FA73}.Release|Any CPU.ActiveCfg = Release|Any CPU
		{375619DC-6F55-4FC2-BBF2-45A30E89FA73}.Release|Any CPU.Build.0 = Release|Any CPU
		{B80468CF-5AB2-468B-ADE5-AD790790724A}.Debug|Any CPU.ActiveCfg = Debug|Any CPU
		{B80468CF-5AB2-468B-ADE5-AD790790724A}.Debug|Any CPU.Build.0 = Debug|Any CPU
		{B80468CF-5AB2-468B-ADE5-AD790790724A}.Release|Any CPU.ActiveCfg = Release|Any CPU
		{B80468CF-5AB2-468B-ADE5-AD790790724A}.Release|Any CPU.Build.0 = Release|Any CPU
		{77CD0893-988F-41E7-B388-6162B002C9E3}.Debug|Any CPU.ActiveCfg = Debug|Any CPU
		{77CD0893-988F-41E7-B388-6162B002C9E3}.Debug|Any CPU.Build.0 = Debug|Any CPU
		{77CD0893-988F-41E7-B388-6162B002C9E3}.Release|Any CPU.ActiveCfg = Release|Any CPU
		{77CD0893-988F-41E7-B388-6162B002C9E3}.Release|Any CPU.Build.0 = Release|Any CPU
		{611269A9-D4B8-4B02-8699-977CEFF9A1F1}.Debug|Any CPU.ActiveCfg = Debug|Any CPU
		{611269A9-D4B8-4B02-8699-977CEFF9A1F1}.Debug|Any CPU.Build.0 = Debug|Any CPU
		{611269A9-D4B8-4B02-8699-977CEFF9A1F1}.Release|Any CPU.ActiveCfg = Release|Any CPU
		{611269A9-D4B8-4B02-8699-977CEFF9A1F1}.Release|Any CPU.Build.0 = Release|Any CPU
		{4C56F8C3-9E06-482D-823F-B1FB7D910C47}.Debug|Any CPU.ActiveCfg = Debug|Any CPU
		{4C56F8C3-9E06-482D-823F-B1FB7D910C47}.Debug|Any CPU.Build.0 = Debug|Any CPU
		{4C56F8C3-9E06-482D-823F-B1FB7D910C47}.Release|Any CPU.ActiveCfg = Release|Any CPU
		{4C56F8C3-9E06-482D-823F-B1FB7D910C47}.Release|Any CPU.Build.0 = Release|Any CPU
		{43C09A22-FB14-442D-86E3-40A0F11D4849}.Debug|Any CPU.ActiveCfg = Debug|Any CPU
		{43C09A22-FB14-442D-86E3-40A0F11D4849}.Debug|Any CPU.Build.0 = Debug|Any CPU
		{43C09A22-FB14-442D-86E3-40A0F11D4849}.Release|Any CPU.ActiveCfg = Release|Any CPU
		{43C09A22-FB14-442D-86E3-40A0F11D4849}.Release|Any CPU.Build.0 = Release|Any CPU
		{7CC9899D-729D-49C6-BC3C-C9B4911FF812}.Debug|Any CPU.ActiveCfg = Debug|Any CPU
		{7CC9899D-729D-49C6-BC3C-C9B4911FF812}.Debug|Any CPU.Build.0 = Debug|Any CPU
		{7CC9899D-729D-49C6-BC3C-C9B4911FF812}.Release|Any CPU.ActiveCfg = Release|Any CPU
		{7CC9899D-729D-49C6-BC3C-C9B4911FF812}.Release|Any CPU.Build.0 = Release|Any CPU
		{41851AD7-83A8-41CB-8241-7C31CAD17EA5}.Debug|Any CPU.ActiveCfg = Debug|Any CPU
		{41851AD7-83A8-41CB-8241-7C31CAD17EA5}.Debug|Any CPU.Build.0 = Debug|Any CPU
		{41851AD7-83A8-41CB-8241-7C31CAD17EA5}.Release|Any CPU.ActiveCfg = Release|Any CPU
		{41851AD7-83A8-41CB-8241-7C31CAD17EA5}.Release|Any CPU.Build.0 = Release|Any CPU
		{EB9D0C9C-7123-4AF8-AF31-C8CA07CEED11}.Debug|Any CPU.ActiveCfg = Debug|Any CPU
		{EB9D0C9C-7123-4AF8-AF31-C8CA07CEED11}.Debug|Any CPU.Build.0 = Debug|Any CPU
		{EB9D0C9C-7123-4AF8-AF31-C8CA07CEED11}.Release|Any CPU.ActiveCfg = Release|Any CPU
		{EB9D0C9C-7123-4AF8-AF31-C8CA07CEED11}.Release|Any CPU.Build.0 = Release|Any CPU
		{67ED02F2-0982-4110-91E6-D69E1A6F73A9}.Debug|Any CPU.ActiveCfg = Debug|Any CPU
		{67ED02F2-0982-4110-91E6-D69E1A6F73A9}.Debug|Any CPU.Build.0 = Debug|Any CPU
		{67ED02F2-0982-4110-91E6-D69E1A6F73A9}.Release|Any CPU.ActiveCfg = Release|Any CPU
		{67ED02F2-0982-4110-91E6-D69E1A6F73A9}.Release|Any CPU.Build.0 = Release|Any CPU
		{325EA17E-6AE5-4BB4-B792-3CF00AED71A1}.Debug|Any CPU.ActiveCfg = Debug|Any CPU
		{325EA17E-6AE5-4BB4-B792-3CF00AED71A1}.Debug|Any CPU.Build.0 = Debug|Any CPU
		{325EA17E-6AE5-4BB4-B792-3CF00AED71A1}.Release|Any CPU.ActiveCfg = Release|Any CPU
		{325EA17E-6AE5-4BB4-B792-3CF00AED71A1}.Release|Any CPU.Build.0 = Release|Any CPU
		{A4968DF2-50D1-42A1-B53D-DB4EA1963E0C}.Debug|Any CPU.ActiveCfg = Debug|Any CPU
		{A4968DF2-50D1-42A1-B53D-DB4EA1963E0C}.Debug|Any CPU.Build.0 = Debug|Any CPU
		{A4968DF2-50D1-42A1-B53D-DB4EA1963E0C}.Release|Any CPU.ActiveCfg = Release|Any CPU
		{A4968DF2-50D1-42A1-B53D-DB4EA1963E0C}.Release|Any CPU.Build.0 = Release|Any CPU
		{D0F63BC4-7518-40A1-9607-AF5A9E4DA883}.Debug|Any CPU.ActiveCfg = Debug|Any CPU
		{D0F63BC4-7518-40A1-9607-AF5A9E4DA883}.Debug|Any CPU.Build.0 = Debug|Any CPU
		{D0F63BC4-7518-40A1-9607-AF5A9E4DA883}.Release|Any CPU.ActiveCfg = Release|Any CPU
		{D0F63BC4-7518-40A1-9607-AF5A9E4DA883}.Release|Any CPU.Build.0 = Release|Any CPU
		{99DCEDAE-0047-4B34-AB3F-4BC69A2BA3F4}.Debug|Any CPU.ActiveCfg = Debug|Any CPU
		{99DCEDAE-0047-4B34-AB3F-4BC69A2BA3F4}.Debug|Any CPU.Build.0 = Debug|Any CPU
		{99DCEDAE-0047-4B34-AB3F-4BC69A2BA3F4}.Release|Any CPU.ActiveCfg = Release|Any CPU
		{99DCEDAE-0047-4B34-AB3F-4BC69A2BA3F4}.Release|Any CPU.Build.0 = Release|Any CPU
		{3876B303-AE18-4E9E-A359-E1E0F0F2C7CD}.Debug|Any CPU.ActiveCfg = Debug|Any CPU
		{3876B303-AE18-4E9E-A359-E1E0F0F2C7CD}.Debug|Any CPU.Build.0 = Debug|Any CPU
		{3876B303-AE18-4E9E-A359-E1E0F0F2C7CD}.Release|Any CPU.ActiveCfg = Release|Any CPU
		{3876B303-AE18-4E9E-A359-E1E0F0F2C7CD}.Release|Any CPU.Build.0 = Release|Any CPU
		{9DD6550F-2FA6-494E-B886-9584241C357F}.Debug|Any CPU.ActiveCfg = Debug|Any CPU
		{9DD6550F-2FA6-494E-B886-9584241C357F}.Debug|Any CPU.Build.0 = Debug|Any CPU
		{9DD6550F-2FA6-494E-B886-9584241C357F}.Release|Any CPU.ActiveCfg = Release|Any CPU
		{9DD6550F-2FA6-494E-B886-9584241C357F}.Release|Any CPU.Build.0 = Release|Any CPU
		{AAD8B7ED-2E25-44AF-8AB6-72051131C49F}.Debug|Any CPU.ActiveCfg = Debug|Any CPU
		{AAD8B7ED-2E25-44AF-8AB6-72051131C49F}.Debug|Any CPU.Build.0 = Debug|Any CPU
		{AAD8B7ED-2E25-44AF-8AB6-72051131C49F}.Release|Any CPU.ActiveCfg = Release|Any CPU
		{AAD8B7ED-2E25-44AF-8AB6-72051131C49F}.Release|Any CPU.Build.0 = Release|Any CPU
		{CCAF882A-A8E0-4B5F-8C7F-D5ADC11823B7}.Debug|Any CPU.ActiveCfg = Debug|Any CPU
		{CCAF882A-A8E0-4B5F-8C7F-D5ADC11823B7}.Debug|Any CPU.Build.0 = Debug|Any CPU
		{CCAF882A-A8E0-4B5F-8C7F-D5ADC11823B7}.Release|Any CPU.ActiveCfg = Release|Any CPU
		{CCAF882A-A8E0-4B5F-8C7F-D5ADC11823B7}.Release|Any CPU.Build.0 = Release|Any CPU
		{E7A84A59-D016-43AE-AEC3-D3186EB189DC}.Debug|Any CPU.ActiveCfg = Debug|Any CPU
		{E7A84A59-D016-43AE-AEC3-D3186EB189DC}.Debug|Any CPU.Build.0 = Debug|Any CPU
		{E7A84A59-D016-43AE-AEC3-D3186EB189DC}.Release|Any CPU.ActiveCfg = Release|Any CPU
		{E7A84A59-D016-43AE-AEC3-D3186EB189DC}.Release|Any CPU.Build.0 = Release|Any CPU
		{6C169D91-8777-4FBF-BD51-402A90975764}.Debug|Any CPU.ActiveCfg = Debug|Any CPU
		{6C169D91-8777-4FBF-BD51-402A90975764}.Debug|Any CPU.Build.0 = Debug|Any CPU
		{6C169D91-8777-4FBF-BD51-402A90975764}.Release|Any CPU.ActiveCfg = Release|Any CPU
		{6C169D91-8777-4FBF-BD51-402A90975764}.Release|Any CPU.Build.0 = Release|Any CPU
		{0CBD413E-F3FF-4AA8-8755-C4A25C05804D}.Debug|Any CPU.ActiveCfg = Debug|Any CPU
		{0CBD413E-F3FF-4AA8-8755-C4A25C05804D}.Debug|Any CPU.Build.0 = Debug|Any CPU
		{0CBD413E-F3FF-4AA8-8755-C4A25C05804D}.Release|Any CPU.ActiveCfg = Release|Any CPU
		{0CBD413E-F3FF-4AA8-8755-C4A25C05804D}.Release|Any CPU.Build.0 = Release|Any CPU
		{9FE76EDD-7C40-4F6F-827F-AAA33CFD08F5}.Debug|Any CPU.ActiveCfg = Debug|Any CPU
		{9FE76EDD-7C40-4F6F-827F-AAA33CFD08F5}.Debug|Any CPU.Build.0 = Debug|Any CPU
		{9FE76EDD-7C40-4F6F-827F-AAA33CFD08F5}.Release|Any CPU.ActiveCfg = Release|Any CPU
		{9FE76EDD-7C40-4F6F-827F-AAA33CFD08F5}.Release|Any CPU.Build.0 = Release|Any CPU
	EndGlobalSection
	GlobalSection(SolutionProperties) = preSolution
		HideSolutionNode = FALSE
	EndGlobalSection
	GlobalSection(NestedProjects) = preSolution
		{2C8BDC7A-58A2-409E-BE0A-929556398AB1} = {596EC97B-11B2-4D68-B2A8-8C52DA87B7A8}
		{DA04C939-9854-4627-8AC5-FE41DAF74CE5} = {E30FE6D7-6C0B-47B4-89FB-C0D7508BF9A4}
		{12177F99-C094-4D73-A7A3-EF70636B65B9} = {91ED59C4-75BB-4D49-9FE3-89953F15C888}
		{7231DAE9-C7A4-48CF-9E74-B98A8866662F} = {ABB3A33C-FC7F-495B-8766-5DEFEBADF3A0}
		{C1AEA0BA-C8EE-4CFD-9BA4-377C58AE2154} = {ABB3A33C-FC7F-495B-8766-5DEFEBADF3A0}
		{9912097B-4DF9-4549-BDE8-88EBB3E07CD8} = {ABB3A33C-FC7F-495B-8766-5DEFEBADF3A0}
		{AD9C4C2F-17F2-46F8-9C42-16AECE788AC3} = {91ED59C4-75BB-4D49-9FE3-89953F15C888}
		{C389A694-5AFC-413E-B61E-768A0F7119A1} = {ABB3A33C-FC7F-495B-8766-5DEFEBADF3A0}
		{B117C99B-FF8E-4BB1-93F2-080A8FFA1906} = {ABB3A33C-FC7F-495B-8766-5DEFEBADF3A0}
		{15BD3B1C-6575-4D69-BDF2-9D1044C91F38} = {6EDF1726-92DC-4B35-A823-F15AC365D2EF}
		{9CCC5E8C-603D-4D0A-B3D2-C7097241CB1E} = {6EDF1726-92DC-4B35-A823-F15AC365D2EF}
		{9A9736A2-91E6-47F0-B353-8A9BC9A13C0B} = {6EDF1726-92DC-4B35-A823-F15AC365D2EF}
		{375619DC-6F55-4FC2-BBF2-45A30E89FA73} = {6EDF1726-92DC-4B35-A823-F15AC365D2EF}
		{B80468CF-5AB2-468B-ADE5-AD790790724A} = {6EDF1726-92DC-4B35-A823-F15AC365D2EF}
		{77CD0893-988F-41E7-B388-6162B002C9E3} = {6EDF1726-92DC-4B35-A823-F15AC365D2EF}
		{611269A9-D4B8-4B02-8699-977CEFF9A1F1} = {6EDF1726-92DC-4B35-A823-F15AC365D2EF}
		{4C56F8C3-9E06-482D-823F-B1FB7D910C47} = {6EDF1726-92DC-4B35-A823-F15AC365D2EF}
		{43C09A22-FB14-442D-86E3-40A0F11D4849} = {6EDF1726-92DC-4B35-A823-F15AC365D2EF}
		{7CC9899D-729D-49C6-BC3C-C9B4911FF812} = {6EDF1726-92DC-4B35-A823-F15AC365D2EF}
		{41851AD7-83A8-41CB-8241-7C31CAD17EA5} = {6EDF1726-92DC-4B35-A823-F15AC365D2EF}
		{EB9D0C9C-7123-4AF8-AF31-C8CA07CEED11} = {6EDF1726-92DC-4B35-A823-F15AC365D2EF}
		{67ED02F2-0982-4110-91E6-D69E1A6F73A9} = {6EDF1726-92DC-4B35-A823-F15AC365D2EF}
		{325EA17E-6AE5-4BB4-B792-3CF00AED71A1} = {6EDF1726-92DC-4B35-A823-F15AC365D2EF}
		{A4968DF2-50D1-42A1-B53D-DB4EA1963E0C} = {6EDF1726-92DC-4B35-A823-F15AC365D2EF}
		{D0F63BC4-7518-40A1-9607-AF5A9E4DA883} = {6EDF1726-92DC-4B35-A823-F15AC365D2EF}
		{99DCEDAE-0047-4B34-AB3F-4BC69A2BA3F4} = {91ED59C4-75BB-4D49-9FE3-89953F15C888}
		{3876B303-AE18-4E9E-A359-E1E0F0F2C7CD} = {6EDF1726-92DC-4B35-A823-F15AC365D2EF}
		{9DD6550F-2FA6-494E-B886-9584241C357F} = {6EDF1726-92DC-4B35-A823-F15AC365D2EF}
		{AAD8B7ED-2E25-44AF-8AB6-72051131C49F} = {6EDF1726-92DC-4B35-A823-F15AC365D2EF}
		{CCAF882A-A8E0-4B5F-8C7F-D5ADC11823B7} = {6EDF1726-92DC-4B35-A823-F15AC365D2EF}
		{E7A84A59-D016-43AE-AEC3-D3186EB189DC} = {6EDF1726-92DC-4B35-A823-F15AC365D2EF}
		{6C169D91-8777-4FBF-BD51-402A90975764} = {6EDF1726-92DC-4B35-A823-F15AC365D2EF}
		{0CBD413E-F3FF-4AA8-8755-C4A25C05804D} = {BC508C8E-583B-4394-AADF-DE109987C291}
	EndGlobalSection
	GlobalSection(ExtensibilityGlobals) = postSolution
		SolutionGuid = {E9F38E6F-0404-472B-9257-CA0D5669E0A6}
	EndGlobalSection
EndGlobal
